
Microsoft Visual Studio Solution File, Format Version 12.00
# Visual Studio 15
VisualStudioVersion = 15.0.28307.902
MinimumVisualStudioVersion = 10.0.40219.1
Project("{8BC9CEB8-8B4A-11D0-8D11-00A0C91BC942}") = "cs2100-pointer-func-diegoguevarar", "cs2100-pointer-func-diegoguevarar\cs2100-pointer-func-diegoguevarar.vcxproj", "{38C468ED-817F-46E7-A19A-EC7F57088544}"
EndProject
Global
	GlobalSection(SolutionConfigurationPlatforms) = preSolution
		Debug|x64 = Debug|x64
		Debug|x86 = Debug|x86
		Release|x64 = Release|x64
		Release|x86 = Release|x86
	EndGlobalSection
	GlobalSection(ProjectConfigurationPlatforms) = postSolution
		{38C468ED-817F-46E7-A19A-EC7F57088544}.Debug|x64.ActiveCfg = Debug|x64
		{38C468ED-817F-46E7-A19A-EC7F57088544}.Debug|x64.Build.0 = Debug|x64
		{38C468ED-817F-46E7-A19A-EC7F57088544}.Debug|x86.ActiveCfg = Debug|Win32
		{38C468ED-817F-46E7-A19A-EC7F57088544}.Debug|x86.Build.0 = Debug|Win32
		{38C468ED-817F-46E7-A19A-EC7F57088544}.Release|x64.ActiveCfg = Release|x64
		{38C468ED-817F-46E7-A19A-EC7F57088544}.Release|x64.Build.0 = Release|x64
		{38C468ED-817F-46E7-A19A-EC7F57088544}.Release|x86.ActiveCfg = Release|Win32
		{38C468ED-817F-46E7-A19A-EC7F57088544}.Release|x86.Build.0 = Release|Win32
	EndGlobalSection
	GlobalSection(SolutionProperties) = preSolution
		HideSolutionNode = FALSE
	EndGlobalSection
	GlobalSection(ExtensibilityGlobals) = postSolution
		SolutionGuid = {D0451F77-45FC-4B89-8AA4-23ADAB5ECA8C}
	EndGlobalSection
EndGlobal
